
Microsoft Visual Studio Solution File, Format Version 12.00
# Visual Studio Version 16
VisualStudioVersion = 16.0.31019.35
MinimumVisualStudioVersion = 10.0.40219.1
Project("{FAE04EC0-301F-11D3-BF4B-00C04F79EFBC}") = "Asaad", "Asaad.csproj", "{C5337B9D-B205-42EE-846F-9DA7EC6D29EA}"
EndProject
Global
	GlobalSection(SolutionConfigurationPlatforms) = preSolution
		Debug|Any CPU = Debug|Any CPU
		Release|Any CPU = Release|Any CPU
	EndGlobalSection
	GlobalSection(ProjectConfigurationPlatforms) = postSolution
		{C5337B9D-B205-42EE-846F-9DA7EC6D29EA}.Debug|Any CPU.ActiveCfg = Debug|Any CPU
		{C5337B9D-B205-42EE-846F-9DA7EC6D29EA}.Debug|Any CPU.Build.0 = Debug|Any CPU
		{C5337B9D-B205-42EE-846F-9DA7EC6D29EA}.Release|Any CPU.ActiveCfg = Release|Any CPU
		{C5337B9D-B205-42EE-846F-9DA7EC6D29EA}.Release|Any CPU.Build.0 = Release|Any CPU
	EndGlobalSection
	GlobalSection(SolutionProperties) = preSolution
		HideSolutionNode = FALSE
	EndGlobalSection
	GlobalSection(ExtensibilityGlobals) = postSolution
		SolutionGuid = {4AB826BD-F3A7-43CD-AFD6-DD966B292F39}
	EndGlobalSection
EndGlobal
